
Microsoft Visual Studio Solution File, Format Version 12.00
# Visual Studio Version 16
VisualStudioVersion = 16.0.28714.193
MinimumVisualStudioVersion = 10.0.40219.1
Project("{FAE04EC0-301F-11D3-BF4B-00C04F79EFBC}") = "FrontEnd", "FrontEnd\FrontEnd.csproj", "{AE4811EF-8B7C-4789-8184-98BD1BAAA4BE}"
EndProject
Project("{FAE04EC0-301F-11D3-BF4B-00C04F79EFBC}") = "FrontEnd.Tests", "FrontEnd.Tests\FrontEnd.Tests.csproj", "{357A7206-E2C8-41F4-B815-475DAC51578D}"
EndProject
Project("{FAE04EC0-301F-11D3-BF4B-00C04F79EFBC}") = "Auth", "Auth\Auth.csproj", "{FA996A4D-9B3D-4EFE-814A-90D8C250A6CF}"
EndProject
Project("{FAE04EC0-301F-11D3-BF4B-00C04F79EFBC}") = "Smart", "Smart\Smart.csproj", "{D48A2923-C6F5-40B9-BE2A-D62BAFBA932A}"
EndProject
Project("{FAE04EC0-301F-11D3-BF4B-00C04F79EFBC}") = "Signal", "Signal\Signal.csproj", "{B6A81C0D-2AF5-407A-8705-8DFFFD345A73}"
EndProject
Project("{FAE04EC0-301F-11D3-BF4B-00C04F79EFBC}") = "Store", "Store\Store.csproj", "{158783E1-4CC6-4F38-8D22-E7104343FCDF}"
EndProject
Project("{FAE04EC0-301F-11D3-BF4B-00C04F79EFBC}") = "Relay", "Relay\Relay.csproj", "{1BF08A0A-9F4A-4371-BE33-E1C10C53D7F7}"
EndProject
Project("{FAE04EC0-301F-11D3-BF4B-00C04F79EFBC}") = "StarWars", "StarWars\StarWars.csproj", "{C2D5B72E-D087-4572-8E94-7F06FD55C378}"
EndProject
Project("{FAE04EC0-301F-11D3-BF4B-00C04F79EFBC}") = "Orb", "Orb\Orb.csproj", "{84BCF1C0-DD7C-4E99-AE53-45128A9E996D}"
EndProject
Project("{FAE04EC0-301F-11D3-BF4B-00C04F79EFBC}") = "Life", "Life\Life.csproj", "{8FFBADB2-1358-4250-9922-806267AB4239}"
EndProject
Project("{FAE04EC0-301F-11D3-BF4B-00C04F79EFBC}") = "Model", "Model\Model.csproj", "{D4542CA2-EB2F-4962-B4C9-A26DE3EBBEBE}"
EndProject
Project("{FAE04EC0-301F-11D3-BF4B-00C04F79EFBC}") = "Worker", "Worker\Worker.csproj", "{E4329D47-2C4D-4499-9091-F959D431F470}"
EndProject
Project("{FAE04EC0-301F-11D3-BF4B-00C04F79EFBC}") = "Leader", "Leader\Leader.csproj", "{BAC77F39-B637-403B-8DA9-CAFC7839942E}"
EndProject
Project("{FAE04EC0-301F-11D3-BF4B-00C04F79EFBC}") = "Background", "Background\Background.csproj", "{36E616D1-462F-4588-962F-0396D232337D}"
EndProject
Project("{FAE04EC0-301F-11D3-BF4B-00C04F79EFBC}") = "Leader.Web", "Leader.Web\Leader.Web.csproj", "{EEAE823F-A90A-4CF8-99BB-7E001B45B64F}"
EndProject
Project("{FAE04EC0-301F-11D3-BF4B-00C04F79EFBC}") = "Worker.Console", "Worker.Console\Worker.Console.csproj", "{CCE75BAD-D255-440D-BF32-492B12DF6FD8}"
EndProject
Project("{FAE04EC0-301F-11D3-BF4B-00C04F79EFBC}") = "Worker.Web", "Worker.Web\Worker.Web.csproj", "{F23E87CC-A36C-4591-AFA3-3FFB46ACF084}"
EndProject
Global
	GlobalSection(SolutionConfigurationPlatforms) = preSolution
		Debug|Any CPU = Debug|Any CPU
		Release|Any CPU = Release|Any CPU
	EndGlobalSection
	GlobalSection(ProjectConfigurationPlatforms) = postSolution
		{AE4811EF-8B7C-4789-8184-98BD1BAAA4BE}.Debug|Any CPU.ActiveCfg = Debug|Any CPU
		{AE4811EF-8B7C-4789-8184-98BD1BAAA4BE}.Debug|Any CPU.Build.0 = Debug|Any CPU
		{AE4811EF-8B7C-4789-8184-98BD1BAAA4BE}.Release|Any CPU.ActiveCfg = Release|Any CPU
		{AE4811EF-8B7C-4789-8184-98BD1BAAA4BE}.Release|Any CPU.Build.0 = Release|Any CPU
		{357A7206-E2C8-41F4-B815-475DAC51578D}.Debug|Any CPU.ActiveCfg = Debug|Any CPU
		{357A7206-E2C8-41F4-B815-475DAC51578D}.Debug|Any CPU.Build.0 = Debug|Any CPU
		{357A7206-E2C8-41F4-B815-475DAC51578D}.Release|Any CPU.ActiveCfg = Release|Any CPU
		{357A7206-E2C8-41F4-B815-475DAC51578D}.Release|Any CPU.Build.0 = Release|Any CPU
		{FA996A4D-9B3D-4EFE-814A-90D8C250A6CF}.Debug|Any CPU.ActiveCfg = Debug|Any CPU
		{FA996A4D-9B3D-4EFE-814A-90D8C250A6CF}.Debug|Any CPU.Build.0 = Debug|Any CPU
		{FA996A4D-9B3D-4EFE-814A-90D8C250A6CF}.Release|Any CPU.ActiveCfg = Release|Any CPU
		{FA996A4D-9B3D-4EFE-814A-90D8C250A6CF}.Release|Any CPU.Build.0 = Release|Any CPU
		{D48A2923-C6F5-40B9-BE2A-D62BAFBA932A}.Debug|Any CPU.ActiveCfg = Debug|Any CPU
		{D48A2923-C6F5-40B9-BE2A-D62BAFBA932A}.Debug|Any CPU.Build.0 = Debug|Any CPU
		{D48A2923-C6F5-40B9-BE2A-D62BAFBA932A}.Release|Any CPU.ActiveCfg = Release|Any CPU
		{D48A2923-C6F5-40B9-BE2A-D62BAFBA932A}.Release|Any CPU.Build.0 = Release|Any CPU
		{B6A81C0D-2AF5-407A-8705-8DFFFD345A73}.Debug|Any CPU.ActiveCfg = Debug|Any CPU
		{B6A81C0D-2AF5-407A-8705-8DFFFD345A73}.Debug|Any CPU.Build.0 = Debug|Any CPU
		{B6A81C0D-2AF5-407A-8705-8DFFFD345A73}.Release|Any CPU.ActiveCfg = Release|Any CPU
		{B6A81C0D-2AF5-407A-8705-8DFFFD345A73}.Release|Any CPU.Build.0 = Release|Any CPU
		{158783E1-4CC6-4F38-8D22-E7104343FCDF}.Debug|Any CPU.ActiveCfg = Debug|Any CPU
		{158783E1-4CC6-4F38-8D22-E7104343FCDF}.Debug|Any CPU.Build.0 = Debug|Any CPU
		{158783E1-4CC6-4F38-8D22-E7104343FCDF}.Release|Any CPU.ActiveCfg = Release|Any CPU
		{158783E1-4CC6-4F38-8D22-E7104343FCDF}.Release|Any CPU.Build.0 = Release|Any CPU
		{1BF08A0A-9F4A-4371-BE33-E1C10C53D7F7}.Debug|Any CPU.ActiveCfg = Debug|Any CPU
		{1BF08A0A-9F4A-4371-BE33-E1C10C53D7F7}.Debug|Any CPU.Build.0 = Debug|Any CPU
		{1BF08A0A-9F4A-4371-BE33-E1C10C53D7F7}.Release|Any CPU.ActiveCfg = Release|Any CPU
		{1BF08A0A-9F4A-4371-BE33-E1C10C53D7F7}.Release|Any CPU.Build.0 = Release|Any CPU
		{C2D5B72E-D087-4572-8E94-7F06FD55C378}.Debug|Any CPU.ActiveCfg = Debug|Any CPU
		{C2D5B72E-D087-4572-8E94-7F06FD55C378}.Debug|Any CPU.Build.0 = Debug|Any CPU
		{C2D5B72E-D087-4572-8E94-7F06FD55C378}.Release|Any CPU.ActiveCfg = Release|Any CPU
		{C2D5B72E-D087-4572-8E94-7F06FD55C378}.Release|Any CPU.Build.0 = Release|Any CPU
		{84BCF1C0-DD7C-4E99-AE53-45128A9E996D}.Debug|Any CPU.ActiveCfg = Debug|Any CPU
		{84BCF1C0-DD7C-4E99-AE53-45128A9E996D}.Debug|Any CPU.Build.0 = Debug|Any CPU
		{84BCF1C0-DD7C-4E99-AE53-45128A9E996D}.Release|Any CPU.ActiveCfg = Release|Any CPU
		{84BCF1C0-DD7C-4E99-AE53-45128A9E996D}.Release|Any CPU.Build.0 = Release|Any CPU
		{8FFBADB2-1358-4250-9922-806267AB4239}.Debug|Any CPU.ActiveCfg = Debug|Any CPU
		{8FFBADB2-1358-4250-9922-806267AB4239}.Debug|Any CPU.Build.0 = Debug|Any CPU
		{8FFBADB2-1358-4250-9922-806267AB4239}.Release|Any CPU.ActiveCfg = Release|Any CPU
		{8FFBADB2-1358-4250-9922-806267AB4239}.Release|Any CPU.Build.0 = Release|Any CPU
		{D4542CA2-EB2F-4962-B4C9-A26DE3EBBEBE}.Debug|Any CPU.ActiveCfg = Debug|Any CPU
		{D4542CA2-EB2F-4962-B4C9-A26DE3EBBEBE}.Debug|Any CPU.Build.0 = Debug|Any CPU
		{D4542CA2-EB2F-4962-B4C9-A26DE3EBBEBE}.Release|Any CPU.ActiveCfg = Release|Any CPU
		{D4542CA2-EB2F-4962-B4C9-A26DE3EBBEBE}.Release|Any CPU.Build.0 = Release|Any CPU
		{E4329D47-2C4D-4499-9091-F959D431F470}.Debug|Any CPU.ActiveCfg = Debug|Any CPU
		{E4329D47-2C4D-4499-9091-F959D431F470}.Debug|Any CPU.Build.0 = Debug|Any CPU
		{E4329D47-2C4D-4499-9091-F959D431F470}.Release|Any CPU.ActiveCfg = Release|Any CPU
		{E4329D47-2C4D-4499-9091-F959D431F470}.Release|Any CPU.Build.0 = Release|Any CPU
		{BAC77F39-B637-403B-8DA9-CAFC7839942E}.Debug|Any CPU.ActiveCfg = Debug|Any CPU
		{BAC77F39-B637-403B-8DA9-CAFC7839942E}.Debug|Any CPU.Build.0 = Debug|Any CPU
		{BAC77F39-B637-403B-8DA9-CAFC7839942E}.Release|Any CPU.ActiveCfg = Release|Any CPU
		{BAC77F39-B637-403B-8DA9-CAFC7839942E}.Release|Any CPU.Build.0 = Release|Any CPU
		{36E616D1-462F-4588-962F-0396D232337D}.Debug|Any CPU.ActiveCfg = Debug|Any CPU
		{36E616D1-462F-4588-962F-0396D232337D}.Debug|Any CPU.Build.0 = Debug|Any CPU
		{36E616D1-462F-4588-962F-0396D232337D}.Release|Any CPU.ActiveCfg = Release|Any CPU
		{36E616D1-462F-4588-962F-0396D232337D}.Release|Any CPU.Build.0 = Release|Any CPU
		{EEAE823F-A90A-4CF8-99BB-7E001B45B64F}.Debug|Any CPU.ActiveCfg = Debug|Any CPU
		{EEAE823F-A90A-4CF8-99BB-7E001B45B64F}.Debug|Any CPU.Build.0 = Debug|Any CPU
		{EEAE823F-A90A-4CF8-99BB-7E001B45B64F}.Release|Any CPU.ActiveCfg = Release|Any CPU
		{EEAE823F-A90A-4CF8-99BB-7E001B45B64F}.Release|Any CPU.Build.0 = Release|Any CPU
		{CCE75BAD-D255-440D-BF32-492B12DF6FD8}.Debug|Any CPU.ActiveCfg = Debug|Any CPU
		{CCE75BAD-D255-440D-BF32-492B12DF6FD8}.Debug|Any CPU.Build.0 = Debug|Any CPU
		{CCE75BAD-D255-440D-BF32-492B12DF6FD8}.Release|Any CPU.ActiveCfg = Release|Any CPU
		{CCE75BAD-D255-440D-BF32-492B12DF6FD8}.Release|Any CPU.Build.0 = Release|Any CPU
		{F23E87CC-A36C-4591-AFA3-3FFB46ACF084}.Debug|Any CPU.ActiveCfg = Debug|Any CPU
		{F23E87CC-A36C-4591-AFA3-3FFB46ACF084}.Debug|Any CPU.Build.0 = Debug|Any CPU
		{F23E87CC-A36C-4591-AFA3-3FFB46ACF084}.Release|Any CPU.ActiveCfg = Release|Any CPU
		{F23E87CC-A36C-4591-AFA3-3FFB46ACF084}.Release|Any CPU.Build.0 = Release|Any CPU
	EndGlobalSection
	GlobalSection(SolutionProperties) = preSolution
		HideSolutionNode = FALSE
	EndGlobalSection
	GlobalSection(ExtensibilityGlobals) = postSolution
		SolutionGuid = {A103872A-110E-4DB2-82DC-6A0017D415C7}
	EndGlobalSection
EndGlobal
