
Microsoft Visual Studio Solution File, Format Version 12.00
# Visual Studio Version 16
VisualStudioVersion = 16.0.28714.193
MinimumVisualStudioVersion = 10.0.40219.1
Project("{FAE04EC0-301F-11D3-BF4B-00C04F79EFBC}") = "FrontEnd", "FrontEnd\FrontEnd.csproj", "{AE4811EF-8B7C-4789-8184-98BD1BAAA4BE}"
EndProject
Project("{FAE04EC0-301F-11D3-BF4B-00C04F79EFBC}") = "FrontEnd.Tests", "FrontEnd.Tests\FrontEnd.Tests.csproj", "{357A7206-E2C8-41F4-B815-475DAC51578D}"
EndProject
Global
	GlobalSection(SolutionConfigurationPlatforms) = preSolution
		Debug|Any CPU = Debug|Any CPU
		Release|Any CPU = Release|Any CPU
	EndGlobalSection
	GlobalSection(ProjectConfigurationPlatforms) = postSolution
		{AE4811EF-8B7C-4789-8184-98BD1BAAA4BE}.Debug|Any CPU.ActiveCfg = Debug|Any CPU
		{AE4811EF-8B7C-4789-8184-98BD1BAAA4BE}.Debug|Any CPU.Build.0 = Debug|Any CPU
		{AE4811EF-8B7C-4789-8184-98BD1BAAA4BE}.Release|Any CPU.ActiveCfg = Release|Any CPU
		{AE4811EF-8B7C-4789-8184-98BD1BAAA4BE}.Release|Any CPU.Build.0 = Release|Any CPU
		{357A7206-E2C8-41F4-B815-475DAC51578D}.Debug|Any CPU.ActiveCfg = Debug|Any CPU
		{357A7206-E2C8-41F4-B815-475DAC51578D}.Debug|Any CPU.Build.0 = Debug|Any CPU
		{357A7206-E2C8-41F4-B815-475DAC51578D}.Release|Any CPU.ActiveCfg = Release|Any CPU
		{357A7206-E2C8-41F4-B815-475DAC51578D}.Release|Any CPU.Build.0 = Release|Any CPU
	EndGlobalSection
	GlobalSection(SolutionProperties) = preSolution
		HideSolutionNode = FALSE
	EndGlobalSection
	GlobalSection(ExtensibilityGlobals) = postSolution
		SolutionGuid = {A103872A-110E-4DB2-82DC-6A0017D415C7}
	EndGlobalSection
EndGlobal
